// !$*UTF8*$!
{
	archiveVersion = 1;
	classes = {
	};
	objectVersion = 56;
	objects = {

/* Begin PBXBuildFile section */
		3E53AA4C2B9F94CD00D8FF3E /* CutwormBDDDemoApp.swift in Sources */ = {isa = PBXBuildFile; fileRef = 3E53AA4B2B9F94CD00D8FF3E /* CutwormBDDDemoApp.swift */; };
		3E53AA502B9F94CF00D8FF3E /* Assets.xcassets in Resources */ = {isa = PBXBuildFile; fileRef = 3E53AA4F2B9F94CF00D8FF3E /* Assets.xcassets */; };
		3E53AA822BA04ED100D8FF3E /* CutwormBDDDemoUITests.swift in Sources */ = {isa = PBXBuildFile; fileRef = 3E53AA812BA04ED100D8FF3E /* CutwormBDDDemoUITests.swift */; };
		3E53AA842BA04F7100D8FF3E /* ContentView.swift in Sources */ = {isa = PBXBuildFile; fileRef = 3E53AA832BA04F7100D8FF3E /* ContentView.swift */; };
		3E53AA8B2BA05DCB00D8FF3E /* features in Resources */ = {isa = PBXBuildFile; fileRef = 3E53AA8A2BA05DCB00D8FF3E /* features */; };
		3E53AA8D2BA0601B00D8FF3E /* CutwormBDDLocalWrapper in Frameworks */ = {isa = PBXBuildFile; productRef = 3E53AA8C2BA0601B00D8FF3E /* CutwormBDDLocalWrapper */; };
/* End PBXBuildFile section */

/* Begin PBXContainerItemProxy section */
		3E53AA642B9F94CF00D8FF3E /* PBXContainerItemProxy */ = {
			isa = PBXContainerItemProxy;
			containerPortal = 3E53AA402B9F94CD00D8FF3E /* Project object */;
			proxyType = 1;
			remoteGlobalIDString = 3E53AA472B9F94CD00D8FF3E;
			remoteInfo = CutwormBDDDemo;
		};
/* End PBXContainerItemProxy section */

/* Begin PBXFileReference section */
		3E53AA482B9F94CD00D8FF3E /* CutwormBDDDemo.app */ = {isa = PBXFileReference; explicitFileType = wrapper.application; includeInIndex = 0; path = CutwormBDDDemo.app; sourceTree = BUILT_PRODUCTS_DIR; };
		3E53AA4B2B9F94CD00D8FF3E /* CutwormBDDDemoApp.swift */ = {isa = PBXFileReference; lastKnownFileType = sourcecode.swift; path = CutwormBDDDemoApp.swift; sourceTree = "<group>"; };
		3E53AA4F2B9F94CF00D8FF3E /* Assets.xcassets */ = {isa = PBXFileReference; lastKnownFileType = folder.assetcatalog; path = Assets.xcassets; sourceTree = "<group>"; };
		3E53AA632B9F94CF00D8FF3E /* CutwormBDDDemoUITests.xctest */ = {isa = PBXFileReference; explicitFileType = wrapper.cfbundle; includeInIndex = 0; path = CutwormBDDDemoUITests.xctest; sourceTree = BUILT_PRODUCTS_DIR; };
		3E53AA812BA04ED100D8FF3E /* CutwormBDDDemoUITests.swift */ = {isa = PBXFileReference; fileEncoding = 4; lastKnownFileType = sourcecode.swift; path = CutwormBDDDemoUITests.swift; sourceTree = "<group>"; };
		3E53AA832BA04F7100D8FF3E /* ContentView.swift */ = {isa = PBXFileReference; lastKnownFileType = sourcecode.swift; path = ContentView.swift; sourceTree = "<group>"; };
		3E53AA872BA05BE300D8FF3E /* CutwormBDDLocalWrapper */ = {isa = PBXFileReference; lastKnownFileType = wrapper; path = CutwormBDDLocalWrapper; sourceTree = "<group>"; };
		3E53AA8A2BA05DCB00D8FF3E /* features */ = {isa = PBXFileReference; lastKnownFileType = folder; path = features; sourceTree = "<group>"; };
		3EB00FBF2BA2EFFD00ECB287 /* CutwormBDDDemoUITests.xctestplan */ = {isa = PBXFileReference; lastKnownFileType = text; path = CutwormBDDDemoUITests.xctestplan; sourceTree = "<group>"; };
/* End PBXFileReference section */

/* Begin PBXFrameworksBuildPhase section */
		3E53AA452B9F94CD00D8FF3E /* Frameworks */ = {
			isa = PBXFrameworksBuildPhase;
			buildActionMask = 2147483647;
			files = (
			);
			runOnlyForDeploymentPostprocessing = 0;
		};
		3E53AA602B9F94CF00D8FF3E /* Frameworks */ = {
			isa = PBXFrameworksBuildPhase;
			buildActionMask = 2147483647;
			files = (
				3E53AA8D2BA0601B00D8FF3E /* CutwormBDDLocalWrapper in Frameworks */,
			);
			runOnlyForDeploymentPostprocessing = 0;
		};
/* End PBXFrameworksBuildPhase section */

/* Begin PBXGroup section */
		3E53AA3F2B9F94CD00D8FF3E = {
			isa = PBXGroup;
			children = (
				3E53AA4A2B9F94CD00D8FF3E /* CutwormBDDDemo */,
				3E53AA662B9F94CF00D8FF3E /* CutwormBDDDemoUITests */,
				3E53AA492B9F94CD00D8FF3E /* Products */,
				3E53AA7E2B9FA1CB00D8FF3E /* Frameworks */,
			);
			sourceTree = "<group>";
		};
		3E53AA492B9F94CD00D8FF3E /* Products */ = {
			isa = PBXGroup;
			children = (
				3E53AA482B9F94CD00D8FF3E /* CutwormBDDDemo.app */,
				3E53AA632B9F94CF00D8FF3E /* CutwormBDDDemoUITests.xctest */,
			);
			name = Products;
			sourceTree = "<group>";
		};
		3E53AA4A2B9F94CD00D8FF3E /* CutwormBDDDemo */ = {
			isa = PBXGroup;
			children = (
				3E53AA4F2B9F94CF00D8FF3E /* Assets.xcassets */,
				3E53AA832BA04F7100D8FF3E /* ContentView.swift */,
				3E53AA4B2B9F94CD00D8FF3E /* CutwormBDDDemoApp.swift */,
				3E53AA782B9F995F00D8FF3E /* Packages */,
			);
			path = CutwormBDDDemo;
			sourceTree = "<group>";
		};
		3E53AA662B9F94CF00D8FF3E /* CutwormBDDDemoUITests */ = {
			isa = PBXGroup;
			children = (
				3EB00FBF2BA2EFFD00ECB287 /* CutwormBDDDemoUITests.xctestplan */,
				3E53AA812BA04ED100D8FF3E /* CutwormBDDDemoUITests.swift */,
				3E53AA8A2BA05DCB00D8FF3E /* features */,
			);
			path = CutwormBDDDemoUITests;
			sourceTree = "<group>";
		};
		3E53AA782B9F995F00D8FF3E /* Packages */ = {
			isa = PBXGroup;
			children = (
				3E53AA872BA05BE300D8FF3E /* CutwormBDDLocalWrapper */,
			);
			path = Packages;
			sourceTree = "<group>";
		};
		3E53AA7E2B9FA1CB00D8FF3E /* Frameworks */ = {
			isa = PBXGroup;
			children = (
			);
			name = Frameworks;
			sourceTree = "<group>";
		};
/* End PBXGroup section */

/* Begin PBXNativeTarget section */
		3E53AA472B9F94CD00D8FF3E /* CutwormBDDDemo */ = {
			isa = PBXNativeTarget;
			buildConfigurationList = 3E53AA6D2B9F94CF00D8FF3E /* Build configuration list for PBXNativeTarget "CutwormBDDDemo" */;
			buildPhases = (
				3E53AA442B9F94CD00D8FF3E /* Sources */,
				3E53AA452B9F94CD00D8FF3E /* Frameworks */,
				3E53AA462B9F94CD00D8FF3E /* Resources */,
			);
			buildRules = (
			);
			dependencies = (
			);
			name = CutwormBDDDemo;
			packageProductDependencies = (
			);
			productName = CutwormBDDDemo;
			productReference = 3E53AA482B9F94CD00D8FF3E /* CutwormBDDDemo.app */;
			productType = "com.apple.product-type.application";
		};
		3E53AA622B9F94CF00D8FF3E /* CutwormBDDDemoUITests */ = {
			isa = PBXNativeTarget;
			buildConfigurationList = 3E53AA732B9F94CF00D8FF3E /* Build configuration list for PBXNativeTarget "CutwormBDDDemoUITests" */;
			buildPhases = (
				3E53AA5F2B9F94CF00D8FF3E /* Sources */,
				3E53AA602B9F94CF00D8FF3E /* Frameworks */,
				3E53AA612B9F94CF00D8FF3E /* Resources */,
			);
			buildRules = (
			);
			dependencies = (
				3E53AA652B9F94CF00D8FF3E /* PBXTargetDependency */,
			);
			name = CutwormBDDDemoUITests;
			packageProductDependencies = (
				3E53AA8C2BA0601B00D8FF3E /* CutwormBDDLocalWrapper */,
			);
			productName = CutwormBDDDemoUITests;
			productReference = 3E53AA632B9F94CF00D8FF3E /* CutwormBDDDemoUITests.xctest */;
			productType = "com.apple.product-type.bundle.ui-testing";
		};
/* End PBXNativeTarget section */

/* Begin PBXProject section */
		3E53AA402B9F94CD00D8FF3E /* Project object */ = {
			isa = PBXProject;
			attributes = {
				BuildIndependentTargetsInParallel = 1;
				LastSwiftUpdateCheck = 1530;
				LastUpgradeCheck = 1530;
				TargetAttributes = {
					3E53AA472B9F94CD00D8FF3E = {
						CreatedOnToolsVersion = 15.3;
					};
					3E53AA622B9F94CF00D8FF3E = {
						CreatedOnToolsVersion = 15.3;
						TestTargetID = 3E53AA472B9F94CD00D8FF3E;
					};
				};
			};
			buildConfigurationList = 3E53AA432B9F94CD00D8FF3E /* Build configuration list for PBXProject "CutwormBDDDemo" */;
			compatibilityVersion = "Xcode 14.0";
			developmentRegion = en;
			hasScannedForEncodings = 0;
			knownRegions = (
				en,
				Base,
			);
			mainGroup = 3E53AA3F2B9F94CD00D8FF3E;
			productRefGroup = 3E53AA492B9F94CD00D8FF3E /* Products */;
			projectDirPath = "";
			projectRoot = "";
			targets = (
				3E53AA472B9F94CD00D8FF3E /* CutwormBDDDemo */,
				3E53AA622B9F94CF00D8FF3E /* CutwormBDDDemoUITests */,
			);
		};
/* End PBXProject section */

/* Begin PBXResourcesBuildPhase section */
		3E53AA462B9F94CD00D8FF3E /* Resources */ = {
			isa = PBXResourcesBuildPhase;
			buildActionMask = 2147483647;
			files = (
				3E53AA502B9F94CF00D8FF3E /* Assets.xcassets in Resources */,
			);
			runOnlyForDeploymentPostprocessing = 0;
		};
		3E53AA612B9F94CF00D8FF3E /* Resources */ = {
			isa = PBXResourcesBuildPhase;
			buildActionMask = 2147483647;
			files = (
				3E53AA8B2BA05DCB00D8FF3E /* features in Resources */,
			);
			runOnlyForDeploymentPostprocessing = 0;
		};
/* End PBXResourcesBuildPhase section */

/* Begin PBXSourcesBuildPhase section */
		3E53AA442B9F94CD00D8FF3E /* Sources */ = {
			isa = PBXSourcesBuildPhase;
			buildActionMask = 2147483647;
			files = (
				3E53AA842BA04F7100D8FF3E /* ContentView.swift in Sources */,
				3E53AA4C2B9F94CD00D8FF3E /* CutwormBDDDemoApp.swift in Sources */,
			);
			runOnlyForDeploymentPostprocessing = 0;
		};
		3E53AA5F2B9F94CF00D8FF3E /* Sources */ = {
			isa = PBXSourcesBuildPhase;
			buildActionMask = 2147483647;
			files = (
				3E53AA822BA04ED100D8FF3E /* CutwormBDDDemoUITests.swift in Sources */,
			);
			runOnlyForDeploymentPostprocessing = 0;
		};
/* End PBXSourcesBuildPhase section */

/* Begin PBXTargetDependency section */
		3E53AA652B9F94CF00D8FF3E /* PBXTargetDependency */ = {
			isa = PBXTargetDependency;
			target = 3E53AA472B9F94CD00D8FF3E /* CutwormBDDDemo */;
			targetProxy = 3E53AA642B9F94CF00D8FF3E /* PBXContainerItemProxy */;
		};
/* End PBXTargetDependency section */

/* Begin XCBuildConfiguration section */
		3E53AA6B2B9F94CF00D8FF3E /* Debug */ = {
			isa = XCBuildConfiguration;
			buildSettings = {
				ALWAYS_SEARCH_USER_PATHS = NO;
				ASSETCATALOG_COMPILER_GENERATE_SWIFT_ASSET_SYMBOL_EXTENSIONS = YES;
				CLANG_ANALYZER_NONNULL = YES;
				CLANG_ANALYZER_NUMBER_OBJECT_CONVERSION = YES_AGGRESSIVE;
				CLANG_CXX_LANGUAGE_STANDARD = "gnu++20";
				CLANG_ENABLE_MODULES = YES;
				CLANG_ENABLE_OBJC_ARC = YES;
				CLANG_ENABLE_OBJC_WEAK = YES;
				CLANG_WARN_BLOCK_CAPTURE_AUTORELEASING = YES;
				CLANG_WARN_BOOL_CONVERSION = YES;
				CLANG_WARN_COMMA = YES;
				CLANG_WARN_CONSTANT_CONVERSION = YES;
				CLANG_WARN_DEPRECATED_OBJC_IMPLEMENTATIONS = YES;
				CLANG_WARN_DIRECT_OBJC_ISA_USAGE = YES_ERROR;
				CLANG_WARN_DOCUMENTATION_COMMENTS = YES;
				CLANG_WARN_EMPTY_BODY = YES;
				CLANG_WARN_ENUM_CONVERSION = YES;
				CLANG_WARN_INFINITE_RECURSION = YES;
				CLANG_WARN_INT_CONVERSION = YES;
				CLANG_WARN_NON_LITERAL_NULL_CONVERSION = YES;
				CLANG_WARN_OBJC_IMPLICIT_RETAIN_SELF = YES;
				CLANG_WARN_OBJC_LITERAL_CONVERSION = YES;
				CLANG_WARN_OBJC_ROOT_CLASS = YES_ERROR;
				CLANG_WARN_QUOTED_INCLUDE_IN_FRAMEWORK_HEADER = YES;
				CLANG_WARN_RANGE_LOOP_ANALYSIS = YES;
				CLANG_WARN_STRICT_PROTOTYPES = YES;
				CLANG_WARN_SUSPICIOUS_MOVE = YES;
				CLANG_WARN_UNGUARDED_AVAILABILITY = YES_AGGRESSIVE;
				CLANG_WARN_UNREACHABLE_CODE = YES;
				CLANG_WARN__DUPLICATE_METHOD_MATCH = YES;
				COPY_PHASE_STRIP = NO;
				DEBUG_INFORMATION_FORMAT = dwarf;
				ENABLE_STRICT_OBJC_MSGSEND = YES;
				ENABLE_TESTABILITY = YES;
				ENABLE_USER_SCRIPT_SANDBOXING = YES;
				GCC_C_LANGUAGE_STANDARD = gnu17;
				GCC_DYNAMIC_NO_PIC = NO;
				GCC_NO_COMMON_BLOCKS = YES;
				GCC_OPTIMIZATION_LEVEL = 0;
				GCC_PREPROCESSOR_DEFINITIONS = (
					"DEBUG=1",
					"$(inherited)",
				);
				GCC_WARN_64_TO_32_BIT_CONVERSION = YES;
				GCC_WARN_ABOUT_RETURN_TYPE = YES_ERROR;
				GCC_WARN_UNDECLARED_SELECTOR = YES;
				GCC_WARN_UNINITIALIZED_AUTOS = YES_AGGRESSIVE;
				GCC_WARN_UNUSED_FUNCTION = YES;
				GCC_WARN_UNUSED_VARIABLE = YES;
				LOCALIZATION_PREFERS_STRING_CATALOGS = YES;
				MTL_ENABLE_DEBUG_INFO = INCLUDE_SOURCE;
				MTL_FAST_MATH = YES;
				ONLY_ACTIVE_ARCH = YES;
				SWIFT_ACTIVE_COMPILATION_CONDITIONS = "DEBUG $(inherited)";
				SWIFT_OPTIMIZATION_LEVEL = "-Onone";
			};
			name = Debug;
		};
		3E53AA6C2B9F94CF00D8FF3E /* Release */ = {
			isa = XCBuildConfiguration;
			buildSettings = {
				ALWAYS_SEARCH_USER_PATHS = NO;
				ASSETCATALOG_COMPILER_GENERATE_SWIFT_ASSET_SYMBOL_EXTENSIONS = YES;
				CLANG_ANALYZER_NONNULL = YES;
				CLANG_ANALYZER_NUMBER_OBJECT_CONVERSION = YES_AGGRESSIVE;
				CLANG_CXX_LANGUAGE_STANDARD = "gnu++20";
				CLANG_ENABLE_MODULES = YES;
				CLANG_ENABLE_OBJC_ARC = YES;
				CLANG_ENABLE_OBJC_WEAK = YES;
				CLANG_WARN_BLOCK_CAPTURE_AUTORELEASING = YES;
				CLANG_WARN_BOOL_CONVERSION = YES;
				CLANG_WARN_COMMA = YES;
				CLANG_WARN_CONSTANT_CONVERSION = YES;
				CLANG_WARN_DEPRECATED_OBJC_IMPLEMENTATIONS = YES;
				CLANG_WARN_DIRECT_OBJC_ISA_USAGE = YES_ERROR;
				CLANG_WARN_DOCUMENTATION_COMMENTS = YES;
				CLANG_WARN_EMPTY_BODY = YES;
				CLANG_WARN_ENUM_CONVERSION = YES;
				CLANG_WARN_INFINITE_RECURSION = YES;
				CLANG_WARN_INT_CONVERSION = YES;
				CLANG_WARN_NON_LITERAL_NULL_CONVERSION = YES;
				CLANG_WARN_OBJC_IMPLICIT_RETAIN_SELF = YES;
				CLANG_WARN_OBJC_LITERAL_CONVERSION = YES;
				CLANG_WARN_OBJC_ROOT_CLASS = YES_ERROR;
				CLANG_WARN_QUOTED_INCLUDE_IN_FRAMEWORK_HEADER = YES;
				CLANG_WARN_RANGE_LOOP_ANALYSIS = YES;
				CLANG_WARN_STRICT_PROTOTYPES = YES;
				CLANG_WARN_SUSPICIOUS_MOVE = YES;
				CLANG_WARN_UNGUARDED_AVAILABILITY = YES_AGGRESSIVE;
				CLANG_WARN_UNREACHABLE_CODE = YES;
				CLANG_WARN__DUPLICATE_METHOD_MATCH = YES;
				COPY_PHASE_STRIP = NO;
				DEBUG_INFORMATION_FORMAT = "dwarf-with-dsym";
				ENABLE_NS_ASSERTIONS = NO;
				ENABLE_STRICT_OBJC_MSGSEND = YES;
				ENABLE_USER_SCRIPT_SANDBOXING = YES;
				GCC_C_LANGUAGE_STANDARD = gnu17;
				GCC_NO_COMMON_BLOCKS = YES;
				GCC_WARN_64_TO_32_BIT_CONVERSION = YES;
				GCC_WARN_ABOUT_RETURN_TYPE = YES_ERROR;
				GCC_WARN_UNDECLARED_SELECTOR = YES;
				GCC_WARN_UNINITIALIZED_AUTOS = YES_AGGRESSIVE;
				GCC_WARN_UNUSED_FUNCTION = YES;
				GCC_WARN_UNUSED_VARIABLE = YES;
				LOCALIZATION_PREFERS_STRING_CATALOGS = YES;
				MTL_ENABLE_DEBUG_INFO = NO;
				MTL_FAST_MATH = YES;
				SWIFT_COMPILATION_MODE = wholemodule;
			};
			name = Release;
		};
		3E53AA6E2B9F94CF00D8FF3E /* Debug */ = {
			isa = XCBuildConfiguration;
			buildSettings = {
				ASSETCATALOG_COMPILER_APPICON_NAME = AppIcon;
				ASSETCATALOG_COMPILER_GLOBAL_ACCENT_COLOR_NAME = AccentColor;
				CODE_SIGN_STYLE = Automatic;
				CURRENT_PROJECT_VERSION = 1;
				DEVELOPMENT_ASSET_PATHS = "";
				ENABLE_PREVIEWS = YES;
				GENERATE_INFOPLIST_FILE = YES;
				"INFOPLIST_KEY_UIApplicationSceneManifest_Generation[sdk=iphoneos*]" = YES;
				"INFOPLIST_KEY_UIApplicationSceneManifest_Generation[sdk=iphonesimulator*]" = YES;
				"INFOPLIST_KEY_UIApplicationSupportsIndirectInputEvents[sdk=iphoneos*]" = YES;
				"INFOPLIST_KEY_UIApplicationSupportsIndirectInputEvents[sdk=iphonesimulator*]" = YES;
				"INFOPLIST_KEY_UILaunchScreen_Generation[sdk=iphoneos*]" = YES;
				"INFOPLIST_KEY_UILaunchScreen_Generation[sdk=iphonesimulator*]" = YES;
				"INFOPLIST_KEY_UIStatusBarStyle[sdk=iphoneos*]" = UIStatusBarStyleDefault;
				"INFOPLIST_KEY_UIStatusBarStyle[sdk=iphonesimulator*]" = UIStatusBarStyleDefault;
				INFOPLIST_KEY_UISupportedInterfaceOrientations_iPad = "UIInterfaceOrientationPortrait UIInterfaceOrientationPortraitUpsideDown UIInterfaceOrientationLandscapeLeft UIInterfaceOrientationLandscapeRight";
				INFOPLIST_KEY_UISupportedInterfaceOrientations_iPhone = "UIInterfaceOrientationPortrait UIInterfaceOrientationLandscapeLeft UIInterfaceOrientationLandscapeRight";
				IPHONEOS_DEPLOYMENT_TARGET = 17.4;
				LD_RUNPATH_SEARCH_PATHS = "@executable_path/Frameworks";
				"LD_RUNPATH_SEARCH_PATHS[sdk=macosx*]" = "@executable_path/../Frameworks";
				MACOSX_DEPLOYMENT_TARGET = 14.3;
				MARKETING_VERSION = 1.0;
				PRODUCT_BUNDLE_IDENTIFIER = com.yourcompany.CutwormBDDDemo;
				PRODUCT_NAME = "$(TARGET_NAME)";
				SDKROOT = auto;
				SUPPORTED_PLATFORMS = "iphoneos iphonesimulator macosx";
				SWIFT_EMIT_LOC_STRINGS = YES;
				SWIFT_VERSION = 5.0;
				TARGETED_DEVICE_FAMILY = "1,2";
			};
			name = Debug;
		};
		3E53AA6F2B9F94CF00D8FF3E /* Release */ = {
			isa = XCBuildConfiguration;
			buildSettings = {
				ASSETCATALOG_COMPILER_APPICON_NAME = AppIcon;
				ASSETCATALOG_COMPILER_GLOBAL_ACCENT_COLOR_NAME = AccentColor;
				CODE_SIGN_STYLE = Automatic;
				CURRENT_PROJECT_VERSION = 1;
				DEVELOPMENT_ASSET_PATHS = "";
				ENABLE_PREVIEWS = YES;
				GENERATE_INFOPLIST_FILE = YES;
				"INFOPLIST_KEY_UIApplicationSceneManifest_Generation[sdk=iphoneos*]" = YES;
				"INFOPLIST_KEY_UIApplicationSceneManifest_Generation[sdk=iphonesimulator*]" = YES;
				"INFOPLIST_KEY_UIApplicationSupportsIndirectInputEvents[sdk=iphoneos*]" = YES;
				"INFOPLIST_KEY_UIApplicationSupportsIndirectInputEvents[sdk=iphonesimulator*]" = YES;
				"INFOPLIST_KEY_UILaunchScreen_Generation[sdk=iphoneos*]" = YES;
				"INFOPLIST_KEY_UILaunchScreen_Generation[sdk=iphonesimulator*]" = YES;
				"INFOPLIST_KEY_UIStatusBarStyle[sdk=iphoneos*]" = UIStatusBarStyleDefault;
				"INFOPLIST_KEY_UIStatusBarStyle[sdk=iphonesimulator*]" = UIStatusBarStyleDefault;
				INFOPLIST_KEY_UISupportedInterfaceOrientations_iPad = "UIInterfaceOrientationPortrait UIInterfaceOrientationPortraitUpsideDown UIInterfaceOrientationLandscapeLeft UIInterfaceOrientationLandscapeRight";
				INFOPLIST_KEY_UISupportedInterfaceOrientations_iPhone = "UIInterfaceOrientationPortrait UIInterfaceOrientationLandscapeLeft UIInterfaceOrientationLandscapeRight";
				IPHONEOS_DEPLOYMENT_TARGET = 17.4;
				LD_RUNPATH_SEARCH_PATHS = "@executable_path/Frameworks";
				"LD_RUNPATH_SEARCH_PATHS[sdk=macosx*]" = "@executable_path/../Frameworks";
				MACOSX_DEPLOYMENT_TARGET = 14.3;
				MARKETING_VERSION = 1.0;
				PRODUCT_BUNDLE_IDENTIFIER = com.yourcompany.CutwormBDDDemo;
				PRODUCT_NAME = "$(TARGET_NAME)";
				SDKROOT = auto;
				SUPPORTED_PLATFORMS = "iphoneos iphonesimulator macosx";
				SWIFT_EMIT_LOC_STRINGS = YES;
				SWIFT_VERSION = 5.0;
				TARGETED_DEVICE_FAMILY = "1,2";
			};
			name = Release;
		};
		3E53AA742B9F94CF00D8FF3E /* Debug */ = {
			isa = XCBuildConfiguration;
			buildSettings = {
				ALWAYS_EMBED_SWIFT_STANDARD_LIBRARIES = YES;
				CODE_SIGN_STYLE = Automatic;
				CURRENT_PROJECT_VERSION = 1;
				GENERATE_INFOPLIST_FILE = YES;
				IPHONEOS_DEPLOYMENT_TARGET = 17.4;
				MACOSX_DEPLOYMENT_TARGET = 14.3;
				MARKETING_VERSION = 1.0;
				PRODUCT_BUNDLE_IDENTIFIER = com.yourcompany.CutwormBDDDemoUITests;
				PRODUCT_NAME = "$(TARGET_NAME)";
				SDKROOT = auto;
				SUPPORTED_PLATFORMS = "iphoneos iphonesimulator macosx";
				SWIFT_EMIT_LOC_STRINGS = NO;
				SWIFT_VERSION = 5.0;
				TARGETED_DEVICE_FAMILY = "1,2";
				TEST_TARGET_NAME = CutwormBDDDemo;
			};
			name = Debug;
		};
		3E53AA752B9F94CF00D8FF3E /* Release */ = {
			isa = XCBuildConfiguration;
			buildSettings = {
				ALWAYS_EMBED_SWIFT_STANDARD_LIBRARIES = YES;
				CODE_SIGN_STYLE = Automatic;
				CURRENT_PROJECT_VERSION = 1;
				GENERATE_INFOPLIST_FILE = YES;
				IPHONEOS_DEPLOYMENT_TARGET = 17.4;
				MACOSX_DEPLOYMENT_TARGET = 14.3;
				MARKETING_VERSION = 1.0;
				PRODUCT_BUNDLE_IDENTIFIER = com.yourcompany.CutwormBDDDemoUITests;
				PRODUCT_NAME = "$(TARGET_NAME)";
				SDKROOT = auto;
				SUPPORTED_PLATFORMS = "iphoneos iphonesimulator macosx";
				SWIFT_EMIT_LOC_STRINGS = NO;
				SWIFT_VERSION = 5.0;
				TARGETED_DEVICE_FAMILY = "1,2";
				TEST_TARGET_NAME = CutwormBDDDemo;
			};
			name = Release;
		};
/* End XCBuildConfiguration section */

/* Begin XCConfigurationList section */
		3E53AA432B9F94CD00D8FF3E /* Build configuration list for PBXProject "CutwormBDDDemo" */ = {
			isa = XCConfigurationList;
			buildConfigurations = (
				3E53AA6B2B9F94CF00D8FF3E /* Debug */,
				3E53AA6C2B9F94CF00D8FF3E /* Release */,
			);
			defaultConfigurationIsVisible = 0;
			defaultConfigurationName = Release;
		};
		3E53AA6D2B9F94CF00D8FF3E /* Build configuration list for PBXNativeTarget "CutwormBDDDemo" */ = {
			isa = XCConfigurationList;
			buildConfigurations = (
				3E53AA6E2B9F94CF00D8FF3E /* Debug */,
				3E53AA6F2B9F94CF00D8FF3E /* Release */,
			);
			defaultConfigurationIsVisible = 0;
			defaultConfigurationName = Release;
		};
		3E53AA732B9F94CF00D8FF3E /* Build configuration list for PBXNativeTarget "CutwormBDDDemoUITests" */ = {
			isa = XCConfigurationList;
			buildConfigurations = (
				3E53AA742B9F94CF00D8FF3E /* Debug */,
				3E53AA752B9F94CF00D8FF3E /* Release */,
			);
			defaultConfigurationIsVisible = 0;
			defaultConfigurationName = Release;
		};
/* End XCConfigurationList section */

/* Begin XCSwiftPackageProductDependency section */
		3E53AA8C2BA0601B00D8FF3E /* CutwormBDDLocalWrapper */ = {
			isa = XCSwiftPackageProductDependency;
			productName = CutwormBDDLocalWrapper;
		};
/* End XCSwiftPackageProductDependency section */
	};
	rootObject = 3E53AA402B9F94CD00D8FF3E /* Project object */;
}
